
Microsoft Visual Studio Solution File, Format Version 11.00
# Visual Studio 2010
Project("{FAE04EC0-301F-11D3-BF4B-00C04F79EFBC}") = "DatapackManagementTool", "DatapackManagementTool\DatapackManagementTool.csproj", "{44834FDD-35E0-42FD-B5AA-0833A85B447D}"
EndProject
Global
	GlobalSection(SolutionConfigurationPlatforms) = preSolution
		Debug|x86 = Debug|x86
		Release|x86 = Release|x86
	EndGlobalSection
	GlobalSection(ProjectConfigurationPlatforms) = postSolution
		{44834FDD-35E0-42FD-B5AA-0833A85B447D}.Debug|x86.ActiveCfg = Debug|x86
		{44834FDD-35E0-42FD-B5AA-0833A85B447D}.Debug|x86.Build.0 = Debug|x86
		{44834FDD-35E0-42FD-B5AA-0833A85B447D}.Release|x86.ActiveCfg = Release|x86
		{44834FDD-35E0-42FD-B5AA-0833A85B447D}.Release|x86.Build.0 = Release|x86
	EndGlobalSection
	GlobalSection(SolutionProperties) = preSolution
		HideSolutionNode = FALSE
	EndGlobalSection
EndGlobal
