
Microsoft Visual Studio Solution File, Format Version 10.00
# Visual C# Express 2008
Project("{FAE04EC0-301F-11D3-BF4B-00C04F79EFBC}") = "Node", "Node\Node.csproj", "{7FE552C8-3EE9-40F3-BD1D-3E54EBBE21FA}"
EndProject
Project("{FAE04EC0-301F-11D3-BF4B-00C04F79EFBC}") = "Common", "Common\Common.csproj", "{6C866520-D623-45E5-A1FF-12C5B9AE824F}"
EndProject
Project("{FAE04EC0-301F-11D3-BF4B-00C04F79EFBC}") = "Marshal", "Marshal\Marshal.csproj", "{B68DB35D-A125-4EB5-97B6-076823514B23}"
EndProject
Project("{FAE04EC0-301F-11D3-BF4B-00C04F79EFBC}") = "Proxy", "Proxy\Proxy.csproj", "{37C896FF-797C-4C91-B80A-EA85834F8F4D}"
EndProject
Project("{FAE04EC0-301F-11D3-BF4B-00C04F79EFBC}") = "ClusterControler", "ClusterControler\ClusterControler.csproj", "{B7D08E19-64C1-4957-A142-59B86DE75C4B}"
EndProject
Global
	GlobalSection(SolutionConfigurationPlatforms) = preSolution
		Debug|Any CPU = Debug|Any CPU
		Release|Any CPU = Release|Any CPU
	EndGlobalSection
	GlobalSection(ProjectConfigurationPlatforms) = postSolution
		{7FE552C8-3EE9-40F3-BD1D-3E54EBBE21FA}.Debug|Any CPU.ActiveCfg = Debug|Any CPU
		{7FE552C8-3EE9-40F3-BD1D-3E54EBBE21FA}.Debug|Any CPU.Build.0 = Debug|Any CPU
		{7FE552C8-3EE9-40F3-BD1D-3E54EBBE21FA}.Release|Any CPU.ActiveCfg = Release|Any CPU
		{7FE552C8-3EE9-40F3-BD1D-3E54EBBE21FA}.Release|Any CPU.Build.0 = Release|Any CPU
		{6C866520-D623-45E5-A1FF-12C5B9AE824F}.Debug|Any CPU.ActiveCfg = Debug|Any CPU
		{6C866520-D623-45E5-A1FF-12C5B9AE824F}.Debug|Any CPU.Build.0 = Debug|Any CPU
		{6C866520-D623-45E5-A1FF-12C5B9AE824F}.Release|Any CPU.ActiveCfg = Release|Any CPU
		{6C866520-D623-45E5-A1FF-12C5B9AE824F}.Release|Any CPU.Build.0 = Release|Any CPU
		{B68DB35D-A125-4EB5-97B6-076823514B23}.Debug|Any CPU.ActiveCfg = Debug|Any CPU
		{B68DB35D-A125-4EB5-97B6-076823514B23}.Debug|Any CPU.Build.0 = Debug|Any CPU
		{B68DB35D-A125-4EB5-97B6-076823514B23}.Release|Any CPU.ActiveCfg = Release|Any CPU
		{B68DB35D-A125-4EB5-97B6-076823514B23}.Release|Any CPU.Build.0 = Release|Any CPU
		{37C896FF-797C-4C91-B80A-EA85834F8F4D}.Debug|Any CPU.ActiveCfg = Debug|Any CPU
		{37C896FF-797C-4C91-B80A-EA85834F8F4D}.Debug|Any CPU.Build.0 = Debug|Any CPU
		{37C896FF-797C-4C91-B80A-EA85834F8F4D}.Release|Any CPU.ActiveCfg = Release|Any CPU
		{37C896FF-797C-4C91-B80A-EA85834F8F4D}.Release|Any CPU.Build.0 = Release|Any CPU
		{B7D08E19-64C1-4957-A142-59B86DE75C4B}.Debug|Any CPU.ActiveCfg = Debug|Any CPU
		{B7D08E19-64C1-4957-A142-59B86DE75C4B}.Debug|Any CPU.Build.0 = Debug|Any CPU
		{B7D08E19-64C1-4957-A142-59B86DE75C4B}.Release|Any CPU.ActiveCfg = Release|Any CPU
		{B7D08E19-64C1-4957-A142-59B86DE75C4B}.Release|Any CPU.Build.0 = Release|Any CPU
	EndGlobalSection
	GlobalSection(SolutionProperties) = preSolution
		HideSolutionNode = FALSE
	EndGlobalSection
EndGlobal
